
Microsoft Visual Studio Solution File, Format Version 12.00
# Visual Studio Version 16
VisualStudioVersion = 16.0.30523.141
MinimumVisualStudioVersion = 10.0.40219.1
Project("{00D1A9C2-B5F0-4AF3-8072-F6C62B433612}") = "TRMData", "TRMData\TRMData.sqlproj", "{53A10DB3-36E8-4AC4-8C3F-6A4B933DD668}"
EndProject
Project("{9A19103F-16F7-4668-BE54-9A1E7A4F7556}") = "TRMDesktopUI", "TRMDesktopUI\TRMDesktopUI.csproj", "{98F7319D-70AE-4B60-8CAA-545C07D0B266}"
EndProject
Project("{9A19103F-16F7-4668-BE54-9A1E7A4F7556}") = "TRMDesktopUI.Library", "TRMDesktopUI.Library\TRMDesktopUI.Library.csproj", "{C7F9B7EF-4B90-4C74-8BE8-536E4375905A}"
EndProject
Project("{2150E333-8FDC-42A3-9474-1A3956D46DE8}") = "WPF", "WPF", "{65C9859F-2117-4F4A-B91D-524A145962FA}"
EndProject
Project("{2150E333-8FDC-42A3-9474-1A3956D46DE8}") = "Database", "Database", "{A7E4B7E1-69AE-49C8-9010-06FAE299277F}"
EndProject
Project("{9A19103F-16F7-4668-BE54-9A1E7A4F7556}") = "TRMApi", "TRMApi\TRMApi.csproj", "{1816599D-31B7-4A50-AA3B-41375DB07FB4}"
EndProject
Global
	GlobalSection(SolutionConfigurationPlatforms) = preSolution
		Debug|Any CPU = Debug|Any CPU
		Release|Any CPU = Release|Any CPU
	EndGlobalSection
	GlobalSection(ProjectConfigurationPlatforms) = postSolution
		{53A10DB3-36E8-4AC4-8C3F-6A4B933DD668}.Debug|Any CPU.ActiveCfg = Debug|Any CPU
		{53A10DB3-36E8-4AC4-8C3F-6A4B933DD668}.Debug|Any CPU.Build.0 = Debug|Any CPU
		{53A10DB3-36E8-4AC4-8C3F-6A4B933DD668}.Debug|Any CPU.Deploy.0 = Debug|Any CPU
		{53A10DB3-36E8-4AC4-8C3F-6A4B933DD668}.Release|Any CPU.ActiveCfg = Release|Any CPU
		{53A10DB3-36E8-4AC4-8C3F-6A4B933DD668}.Release|Any CPU.Build.0 = Release|Any CPU
		{53A10DB3-36E8-4AC4-8C3F-6A4B933DD668}.Release|Any CPU.Deploy.0 = Release|Any CPU
		{98F7319D-70AE-4B60-8CAA-545C07D0B266}.Debug|Any CPU.ActiveCfg = Debug|Any CPU
		{98F7319D-70AE-4B60-8CAA-545C07D0B266}.Debug|Any CPU.Build.0 = Debug|Any CPU
		{98F7319D-70AE-4B60-8CAA-545C07D0B266}.Release|Any CPU.ActiveCfg = Release|Any CPU
		{98F7319D-70AE-4B60-8CAA-545C07D0B266}.Release|Any CPU.Build.0 = Release|Any CPU
		{C7F9B7EF-4B90-4C74-8BE8-536E4375905A}.Debug|Any CPU.ActiveCfg = Debug|Any CPU
		{C7F9B7EF-4B90-4C74-8BE8-536E4375905A}.Debug|Any CPU.Build.0 = Debug|Any CPU
		{C7F9B7EF-4B90-4C74-8BE8-536E4375905A}.Release|Any CPU.ActiveCfg = Release|Any CPU
		{C7F9B7EF-4B90-4C74-8BE8-536E4375905A}.Release|Any CPU.Build.0 = Release|Any CPU
		{1816599D-31B7-4A50-AA3B-41375DB07FB4}.Debug|Any CPU.ActiveCfg = Debug|Any CPU
		{1816599D-31B7-4A50-AA3B-41375DB07FB4}.Debug|Any CPU.Build.0 = Debug|Any CPU
		{1816599D-31B7-4A50-AA3B-41375DB07FB4}.Release|Any CPU.ActiveCfg = Release|Any CPU
		{1816599D-31B7-4A50-AA3B-41375DB07FB4}.Release|Any CPU.Build.0 = Release|Any CPU
	EndGlobalSection
	GlobalSection(SolutionProperties) = preSolution
		HideSolutionNode = FALSE
	EndGlobalSection
	GlobalSection(NestedProjects) = preSolution
		{53A10DB3-36E8-4AC4-8C3F-6A4B933DD668} = {A7E4B7E1-69AE-49C8-9010-06FAE299277F}
		{98F7319D-70AE-4B60-8CAA-545C07D0B266} = {65C9859F-2117-4F4A-B91D-524A145962FA}
		{C7F9B7EF-4B90-4C74-8BE8-536E4375905A} = {65C9859F-2117-4F4A-B91D-524A145962FA}
	EndGlobalSection
	GlobalSection(ExtensibilityGlobals) = postSolution
		SolutionGuid = {DAFDD710-6A2F-440C-95D8-FCDF91C1B161}
	EndGlobalSection
EndGlobal
